
Microsoft Visual Studio Solution File, Format Version 12.00
# Visual Studio 2017
Project("{FAE04EC0-301F-11D3-BF4B-00C04F79EFBC}") = "Poker.FE", "Poker.FE.csproj", "{F6A73092-6E6B-FA7E-B26B-56637B1D15C4}"
EndProject
Global
	GlobalSection(SolutionConfigurationPlatforms) = preSolution
		Debug|Any CPU = Debug|Any CPU
		Release|Any CPU = Release|Any CPU
	EndGlobalSection
	GlobalSection(ProjectConfigurationPlatforms) = postSolution
		{F6A73092-6E6B-FA7E-B26B-56637B1D15C4}.Debug|Any CPU.ActiveCfg = Debug|Any CPU
		{F6A73092-6E6B-FA7E-B26B-56637B1D15C4}.Debug|Any CPU.Build.0 = Debug|Any CPU
		{F6A73092-6E6B-FA7E-B26B-56637B1D15C4}.Release|Any CPU.ActiveCfg = Release|Any CPU
		{F6A73092-6E6B-FA7E-B26B-56637B1D15C4}.Release|Any CPU.Build.0 = Release|Any CPU
	EndGlobalSection
	GlobalSection(SolutionProperties) = preSolution
		HideSolutionNode = FALSE
	EndGlobalSection
EndGlobal
