
Microsoft Visual Studio Solution File, Format Version 12.00
# Visual Studio 15
VisualStudioVersion = 15.0.26403.7
MinimumVisualStudioVersion = 10.0.40219.1
Project("{FAE04EC0-301F-11D3-BF4B-00C04F79EFBC}") = "Poker.BE.Domain", "Poker.BE.Domain\Poker.BE.Domain.csproj", "{FE034180-E60E-416E-8D0F-0D9155AC52CC}"
EndProject
Project("{FAE04EC0-301F-11D3-BF4B-00C04F79EFBC}") = "Poker.BE.Domain.Tests", "Poker.BE.Domain.Tests\Poker.BE.Domain.Tests.csproj", "{17867CA7-A0A5-40E1-A050-9BA6FC1FAC14}"
EndProject
Project("{FAE04EC0-301F-11D3-BF4B-00C04F79EFBC}") = "Poker.BE.API", "Poker.BE.API\Poker.BE.API.csproj", "{A205D12B-A808-427D-9A86-DBA2EEEA3D49}"
EndProject
Project("{FAE04EC0-301F-11D3-BF4B-00C04F79EFBC}") = "Poker.BE.API.Tests", "Poker.BE.API.Tests\Poker.BE.API.Tests.csproj", "{2FAC29A5-F8C8-463D-B9BE-C87D7A90D722}"
EndProject
Project("{FAE04EC0-301F-11D3-BF4B-00C04F79EFBC}") = "Poker.BE.Service", "Poker.BE.Service\Poker.BE.Service.csproj", "{FE55CE81-34E4-49DD-B43D-B62B2490DC34}"
EndProject
Global
	GlobalSection(SolutionConfigurationPlatforms) = preSolution
		Debug|Any CPU = Debug|Any CPU
		Debug|ARM = Debug|ARM
		Debug|x64 = Debug|x64
		Debug|x86 = Debug|x86
		Release|Any CPU = Release|Any CPU
		Release|ARM = Release|ARM
		Release|x64 = Release|x64
		Release|x86 = Release|x86
	EndGlobalSection
	GlobalSection(ProjectConfigurationPlatforms) = postSolution
		{FE034180-E60E-416E-8D0F-0D9155AC52CC}.Debug|Any CPU.ActiveCfg = Debug|Any CPU
		{FE034180-E60E-416E-8D0F-0D9155AC52CC}.Debug|Any CPU.Build.0 = Debug|Any CPU
		{FE034180-E60E-416E-8D0F-0D9155AC52CC}.Debug|ARM.ActiveCfg = Debug|Any CPU
		{FE034180-E60E-416E-8D0F-0D9155AC52CC}.Debug|ARM.Build.0 = Debug|Any CPU
		{FE034180-E60E-416E-8D0F-0D9155AC52CC}.Debug|x64.ActiveCfg = Debug|Any CPU
		{FE034180-E60E-416E-8D0F-0D9155AC52CC}.Debug|x64.Build.0 = Debug|Any CPU
		{FE034180-E60E-416E-8D0F-0D9155AC52CC}.Debug|x86.ActiveCfg = Debug|Any CPU
		{FE034180-E60E-416E-8D0F-0D9155AC52CC}.Debug|x86.Build.0 = Debug|Any CPU
		{FE034180-E60E-416E-8D0F-0D9155AC52CC}.Release|Any CPU.ActiveCfg = Release|Any CPU
		{FE034180-E60E-416E-8D0F-0D9155AC52CC}.Release|Any CPU.Build.0 = Release|Any CPU
		{FE034180-E60E-416E-8D0F-0D9155AC52CC}.Release|ARM.ActiveCfg = Release|Any CPU
		{FE034180-E60E-416E-8D0F-0D9155AC52CC}.Release|ARM.Build.0 = Release|Any CPU
		{FE034180-E60E-416E-8D0F-0D9155AC52CC}.Release|x64.ActiveCfg = Release|Any CPU
		{FE034180-E60E-416E-8D0F-0D9155AC52CC}.Release|x64.Build.0 = Release|Any CPU
		{FE034180-E60E-416E-8D0F-0D9155AC52CC}.Release|x86.ActiveCfg = Release|Any CPU
		{FE034180-E60E-416E-8D0F-0D9155AC52CC}.Release|x86.Build.0 = Release|Any CPU
		{17867CA7-A0A5-40E1-A050-9BA6FC1FAC14}.Debug|Any CPU.ActiveCfg = Debug|Any CPU
		{17867CA7-A0A5-40E1-A050-9BA6FC1FAC14}.Debug|Any CPU.Build.0 = Debug|Any CPU
		{17867CA7-A0A5-40E1-A050-9BA6FC1FAC14}.Debug|ARM.ActiveCfg = Debug|Any CPU
		{17867CA7-A0A5-40E1-A050-9BA6FC1FAC14}.Debug|ARM.Build.0 = Debug|Any CPU
		{17867CA7-A0A5-40E1-A050-9BA6FC1FAC14}.Debug|x64.ActiveCfg = Debug|Any CPU
		{17867CA7-A0A5-40E1-A050-9BA6FC1FAC14}.Debug|x64.Build.0 = Debug|Any CPU
		{17867CA7-A0A5-40E1-A050-9BA6FC1FAC14}.Debug|x86.ActiveCfg = Debug|Any CPU
		{17867CA7-A0A5-40E1-A050-9BA6FC1FAC14}.Debug|x86.Build.0 = Debug|Any CPU
		{17867CA7-A0A5-40E1-A050-9BA6FC1FAC14}.Release|Any CPU.ActiveCfg = Release|Any CPU
		{17867CA7-A0A5-40E1-A050-9BA6FC1FAC14}.Release|Any CPU.Build.0 = Release|Any CPU
		{17867CA7-A0A5-40E1-A050-9BA6FC1FAC14}.Release|ARM.ActiveCfg = Release|Any CPU
		{17867CA7-A0A5-40E1-A050-9BA6FC1FAC14}.Release|ARM.Build.0 = Release|Any CPU
		{17867CA7-A0A5-40E1-A050-9BA6FC1FAC14}.Release|x64.ActiveCfg = Release|Any CPU
		{17867CA7-A0A5-40E1-A050-9BA6FC1FAC14}.Release|x64.Build.0 = Release|Any CPU
		{17867CA7-A0A5-40E1-A050-9BA6FC1FAC14}.Release|x86.ActiveCfg = Release|Any CPU
		{17867CA7-A0A5-40E1-A050-9BA6FC1FAC14}.Release|x86.Build.0 = Release|Any CPU
		{A205D12B-A808-427D-9A86-DBA2EEEA3D49}.Debug|Any CPU.ActiveCfg = Debug|Any CPU
		{A205D12B-A808-427D-9A86-DBA2EEEA3D49}.Debug|Any CPU.Build.0 = Debug|Any CPU
		{A205D12B-A808-427D-9A86-DBA2EEEA3D49}.Debug|ARM.ActiveCfg = Debug|Any CPU
		{A205D12B-A808-427D-9A86-DBA2EEEA3D49}.Debug|ARM.Build.0 = Debug|Any CPU
		{A205D12B-A808-427D-9A86-DBA2EEEA3D49}.Debug|x64.ActiveCfg = Debug|Any CPU
		{A205D12B-A808-427D-9A86-DBA2EEEA3D49}.Debug|x64.Build.0 = Debug|Any CPU
		{A205D12B-A808-427D-9A86-DBA2EEEA3D49}.Debug|x86.ActiveCfg = Debug|Any CPU
		{A205D12B-A808-427D-9A86-DBA2EEEA3D49}.Debug|x86.Build.0 = Debug|Any CPU
		{A205D12B-A808-427D-9A86-DBA2EEEA3D49}.Release|Any CPU.ActiveCfg = Release|Any CPU
		{A205D12B-A808-427D-9A86-DBA2EEEA3D49}.Release|Any CPU.Build.0 = Release|Any CPU
		{A205D12B-A808-427D-9A86-DBA2EEEA3D49}.Release|ARM.ActiveCfg = Release|Any CPU
		{A205D12B-A808-427D-9A86-DBA2EEEA3D49}.Release|ARM.Build.0 = Release|Any CPU
		{A205D12B-A808-427D-9A86-DBA2EEEA3D49}.Release|x64.ActiveCfg = Release|Any CPU
		{A205D12B-A808-427D-9A86-DBA2EEEA3D49}.Release|x64.Build.0 = Release|Any CPU
		{A205D12B-A808-427D-9A86-DBA2EEEA3D49}.Release|x86.ActiveCfg = Release|Any CPU
		{A205D12B-A808-427D-9A86-DBA2EEEA3D49}.Release|x86.Build.0 = Release|Any CPU
		{2FAC29A5-F8C8-463D-B9BE-C87D7A90D722}.Debug|Any CPU.ActiveCfg = Debug|Any CPU
		{2FAC29A5-F8C8-463D-B9BE-C87D7A90D722}.Debug|Any CPU.Build.0 = Debug|Any CPU
		{2FAC29A5-F8C8-463D-B9BE-C87D7A90D722}.Debug|ARM.ActiveCfg = Debug|Any CPU
		{2FAC29A5-F8C8-463D-B9BE-C87D7A90D722}.Debug|ARM.Build.0 = Debug|Any CPU
		{2FAC29A5-F8C8-463D-B9BE-C87D7A90D722}.Debug|x64.ActiveCfg = Debug|Any CPU
		{2FAC29A5-F8C8-463D-B9BE-C87D7A90D722}.Debug|x64.Build.0 = Debug|Any CPU
		{2FAC29A5-F8C8-463D-B9BE-C87D7A90D722}.Debug|x86.ActiveCfg = Debug|Any CPU
		{2FAC29A5-F8C8-463D-B9BE-C87D7A90D722}.Debug|x86.Build.0 = Debug|Any CPU
		{2FAC29A5-F8C8-463D-B9BE-C87D7A90D722}.Release|Any CPU.ActiveCfg = Release|Any CPU
		{2FAC29A5-F8C8-463D-B9BE-C87D7A90D722}.Release|Any CPU.Build.0 = Release|Any CPU
		{2FAC29A5-F8C8-463D-B9BE-C87D7A90D722}.Release|ARM.ActiveCfg = Release|Any CPU
		{2FAC29A5-F8C8-463D-B9BE-C87D7A90D722}.Release|ARM.Build.0 = Release|Any CPU
		{2FAC29A5-F8C8-463D-B9BE-C87D7A90D722}.Release|x64.ActiveCfg = Release|Any CPU
		{2FAC29A5-F8C8-463D-B9BE-C87D7A90D722}.Release|x64.Build.0 = Release|Any CPU
		{2FAC29A5-F8C8-463D-B9BE-C87D7A90D722}.Release|x86.ActiveCfg = Release|Any CPU
		{2FAC29A5-F8C8-463D-B9BE-C87D7A90D722}.Release|x86.Build.0 = Release|Any CPU
		{FE55CE81-34E4-49DD-B43D-B62B2490DC34}.Debug|Any CPU.ActiveCfg = Debug|Any CPU
		{FE55CE81-34E4-49DD-B43D-B62B2490DC34}.Debug|Any CPU.Build.0 = Debug|Any CPU
		{FE55CE81-34E4-49DD-B43D-B62B2490DC34}.Debug|ARM.ActiveCfg = Debug|Any CPU
		{FE55CE81-34E4-49DD-B43D-B62B2490DC34}.Debug|ARM.Build.0 = Debug|Any CPU
		{FE55CE81-34E4-49DD-B43D-B62B2490DC34}.Debug|x64.ActiveCfg = Debug|Any CPU
		{FE55CE81-34E4-49DD-B43D-B62B2490DC34}.Debug|x64.Build.0 = Debug|Any CPU
		{FE55CE81-34E4-49DD-B43D-B62B2490DC34}.Debug|x86.ActiveCfg = Debug|Any CPU
		{FE55CE81-34E4-49DD-B43D-B62B2490DC34}.Debug|x86.Build.0 = Debug|Any CPU
		{FE55CE81-34E4-49DD-B43D-B62B2490DC34}.Release|Any CPU.ActiveCfg = Release|Any CPU
		{FE55CE81-34E4-49DD-B43D-B62B2490DC34}.Release|Any CPU.Build.0 = Release|Any CPU
		{FE55CE81-34E4-49DD-B43D-B62B2490DC34}.Release|ARM.ActiveCfg = Release|Any CPU
		{FE55CE81-34E4-49DD-B43D-B62B2490DC34}.Release|ARM.Build.0 = Release|Any CPU
		{FE55CE81-34E4-49DD-B43D-B62B2490DC34}.Release|x64.ActiveCfg = Release|Any CPU
		{FE55CE81-34E4-49DD-B43D-B62B2490DC34}.Release|x64.Build.0 = Release|Any CPU
		{FE55CE81-34E4-49DD-B43D-B62B2490DC34}.Release|x86.ActiveCfg = Release|Any CPU
		{FE55CE81-34E4-49DD-B43D-B62B2490DC34}.Release|x86.Build.0 = Release|Any CPU
	EndGlobalSection
	GlobalSection(SolutionProperties) = preSolution
		HideSolutionNode = FALSE
	EndGlobalSection
EndGlobal
