
Microsoft Visual Studio Solution File, Format Version 12.00
# Visual Studio 15
VisualStudioVersion = 15.0.26403.7
MinimumVisualStudioVersion = 10.0.40219.1
Project("{FAE04EC0-301F-11D3-BF4B-00C04F79EFBC}") = "Poker.BE.API", "Poker.BE\Poker.BE.API.csproj", "{D38BD7E5-BEDC-460E-BCC1-F99DC4B7E5E3}"
EndProject
Project("{FAE04EC0-301F-11D3-BF4B-00C04F79EFBC}") = "Poker.BE.API.Tests", "Poker.BE.Tests\Poker.BE.API.Tests.csproj", "{C93ACA05-23D2-4F72-92C9-3411EAE78F98}"
EndProject
Global
	GlobalSection(SolutionConfigurationPlatforms) = preSolution
		Debug|Any CPU = Debug|Any CPU
		Release|Any CPU = Release|Any CPU
	EndGlobalSection
	GlobalSection(ProjectConfigurationPlatforms) = postSolution
		{D38BD7E5-BEDC-460E-BCC1-F99DC4B7E5E3}.Debug|Any CPU.ActiveCfg = Debug|Any CPU
		{D38BD7E5-BEDC-460E-BCC1-F99DC4B7E5E3}.Debug|Any CPU.Build.0 = Debug|Any CPU
		{D38BD7E5-BEDC-460E-BCC1-F99DC4B7E5E3}.Release|Any CPU.ActiveCfg = Release|Any CPU
		{D38BD7E5-BEDC-460E-BCC1-F99DC4B7E5E3}.Release|Any CPU.Build.0 = Release|Any CPU
		{C93ACA05-23D2-4F72-92C9-3411EAE78F98}.Debug|Any CPU.ActiveCfg = Debug|Any CPU
		{C93ACA05-23D2-4F72-92C9-3411EAE78F98}.Debug|Any CPU.Build.0 = Debug|Any CPU
		{C93ACA05-23D2-4F72-92C9-3411EAE78F98}.Release|Any CPU.ActiveCfg = Release|Any CPU
		{C93ACA05-23D2-4F72-92C9-3411EAE78F98}.Release|Any CPU.Build.0 = Release|Any CPU
	EndGlobalSection
	GlobalSection(SolutionProperties) = preSolution
		HideSolutionNode = FALSE
	EndGlobalSection
EndGlobal
