
Microsoft Visual Studio Solution File, Format Version 12.00
# Visual Studio 15
VisualStudioVersion = 15.0.26403.7
MinimumVisualStudioVersion = 10.0.40219.1
Project("{FAE04EC0-301F-11D3-BF4B-00C04F79EFBC}") = "Poker.BE.API", "Poker.BE\Poker.BE.API.csproj", "{D38BD7E5-BEDC-460E-BCC1-F99DC4B7E5E3}"
EndProject
Project("{FAE04EC0-301F-11D3-BF4B-00C04F79EFBC}") = "Poker.BE.API.Tests", "Poker.BE.Tests\Poker.BE.API.Tests.csproj", "{C93ACA05-23D2-4F72-92C9-3411EAE78F98}"
EndProject
Project("{FAE04EC0-301F-11D3-BF4B-00C04F79EFBC}") = "Poker.BE.Domain", "Poker.BE.Domain\Poker.BE.Domain.csproj", "{FE034180-E60E-416E-8D0F-0D9155AC52CC}"
EndProject
Project("{FAE04EC0-301F-11D3-BF4B-00C04F79EFBC}") = "Poker.BE.Domain.Tests", "Poker.BE.Domain.Tests\Poker.BE.Domain.Tests.csproj", "{17867CA7-A0A5-40E1-A050-9BA6FC1FAC14}"
EndProject
Global
	GlobalSection(SolutionConfigurationPlatforms) = preSolution
		Debug|Any CPU = Debug|Any CPU
		Debug|ARM = Debug|ARM
		Debug|x64 = Debug|x64
		Debug|x86 = Debug|x86
		Release|Any CPU = Release|Any CPU
		Release|ARM = Release|ARM
		Release|x64 = Release|x64
		Release|x86 = Release|x86
	EndGlobalSection
	GlobalSection(ProjectConfigurationPlatforms) = postSolution
		{D38BD7E5-BEDC-460E-BCC1-F99DC4B7E5E3}.Debug|Any CPU.ActiveCfg = Debug|Any CPU
		{D38BD7E5-BEDC-460E-BCC1-F99DC4B7E5E3}.Debug|Any CPU.Build.0 = Debug|Any CPU
		{D38BD7E5-BEDC-460E-BCC1-F99DC4B7E5E3}.Debug|ARM.ActiveCfg = Debug|Any CPU
		{D38BD7E5-BEDC-460E-BCC1-F99DC4B7E5E3}.Debug|ARM.Build.0 = Debug|Any CPU
		{D38BD7E5-BEDC-460E-BCC1-F99DC4B7E5E3}.Debug|x64.ActiveCfg = Debug|Any CPU
		{D38BD7E5-BEDC-460E-BCC1-F99DC4B7E5E3}.Debug|x64.Build.0 = Debug|Any CPU
		{D38BD7E5-BEDC-460E-BCC1-F99DC4B7E5E3}.Debug|x86.ActiveCfg = Debug|Any CPU
		{D38BD7E5-BEDC-460E-BCC1-F99DC4B7E5E3}.Debug|x86.Build.0 = Debug|Any CPU
		{D38BD7E5-BEDC-460E-BCC1-F99DC4B7E5E3}.Release|Any CPU.ActiveCfg = Release|Any CPU
		{D38BD7E5-BEDC-460E-BCC1-F99DC4B7E5E3}.Release|Any CPU.Build.0 = Release|Any CPU
		{D38BD7E5-BEDC-460E-BCC1-F99DC4B7E5E3}.Release|ARM.ActiveCfg = Release|Any CPU
		{D38BD7E5-BEDC-460E-BCC1-F99DC4B7E5E3}.Release|ARM.Build.0 = Release|Any CPU
		{D38BD7E5-BEDC-460E-BCC1-F99DC4B7E5E3}.Release|x64.ActiveCfg = Release|Any CPU
		{D38BD7E5-BEDC-460E-BCC1-F99DC4B7E5E3}.Release|x64.Build.0 = Release|Any CPU
		{D38BD7E5-BEDC-460E-BCC1-F99DC4B7E5E3}.Release|x86.ActiveCfg = Release|Any CPU
		{D38BD7E5-BEDC-460E-BCC1-F99DC4B7E5E3}.Release|x86.Build.0 = Release|Any CPU
		{C93ACA05-23D2-4F72-92C9-3411EAE78F98}.Debug|Any CPU.ActiveCfg = Debug|Any CPU
		{C93ACA05-23D2-4F72-92C9-3411EAE78F98}.Debug|Any CPU.Build.0 = Debug|Any CPU
		{C93ACA05-23D2-4F72-92C9-3411EAE78F98}.Debug|ARM.ActiveCfg = Debug|Any CPU
		{C93ACA05-23D2-4F72-92C9-3411EAE78F98}.Debug|ARM.Build.0 = Debug|Any CPU
		{C93ACA05-23D2-4F72-92C9-3411EAE78F98}.Debug|x64.ActiveCfg = Debug|Any CPU
		{C93ACA05-23D2-4F72-92C9-3411EAE78F98}.Debug|x64.Build.0 = Debug|Any CPU
		{C93ACA05-23D2-4F72-92C9-3411EAE78F98}.Debug|x86.ActiveCfg = Debug|Any CPU
		{C93ACA05-23D2-4F72-92C9-3411EAE78F98}.Debug|x86.Build.0 = Debug|Any CPU
		{C93ACA05-23D2-4F72-92C9-3411EAE78F98}.Release|Any CPU.ActiveCfg = Release|Any CPU
		{C93ACA05-23D2-4F72-92C9-3411EAE78F98}.Release|Any CPU.Build.0 = Release|Any CPU
		{C93ACA05-23D2-4F72-92C9-3411EAE78F98}.Release|ARM.ActiveCfg = Release|Any CPU
		{C93ACA05-23D2-4F72-92C9-3411EAE78F98}.Release|ARM.Build.0 = Release|Any CPU
		{C93ACA05-23D2-4F72-92C9-3411EAE78F98}.Release|x64.ActiveCfg = Release|Any CPU
		{C93ACA05-23D2-4F72-92C9-3411EAE78F98}.Release|x64.Build.0 = Release|Any CPU
		{C93ACA05-23D2-4F72-92C9-3411EAE78F98}.Release|x86.ActiveCfg = Release|Any CPU
		{C93ACA05-23D2-4F72-92C9-3411EAE78F98}.Release|x86.Build.0 = Release|Any CPU
		{FE034180-E60E-416E-8D0F-0D9155AC52CC}.Debug|Any CPU.ActiveCfg = Debug|Any CPU
		{FE034180-E60E-416E-8D0F-0D9155AC52CC}.Debug|Any CPU.Build.0 = Debug|Any CPU
		{FE034180-E60E-416E-8D0F-0D9155AC52CC}.Debug|ARM.ActiveCfg = Debug|Any CPU
		{FE034180-E60E-416E-8D0F-0D9155AC52CC}.Debug|ARM.Build.0 = Debug|Any CPU
		{FE034180-E60E-416E-8D0F-0D9155AC52CC}.Debug|x64.ActiveCfg = Debug|Any CPU
		{FE034180-E60E-416E-8D0F-0D9155AC52CC}.Debug|x64.Build.0 = Debug|Any CPU
		{FE034180-E60E-416E-8D0F-0D9155AC52CC}.Debug|x86.ActiveCfg = Debug|Any CPU
		{FE034180-E60E-416E-8D0F-0D9155AC52CC}.Debug|x86.Build.0 = Debug|Any CPU
		{FE034180-E60E-416E-8D0F-0D9155AC52CC}.Release|Any CPU.ActiveCfg = Release|Any CPU
		{FE034180-E60E-416E-8D0F-0D9155AC52CC}.Release|Any CPU.Build.0 = Release|Any CPU
		{FE034180-E60E-416E-8D0F-0D9155AC52CC}.Release|ARM.ActiveCfg = Release|Any CPU
		{FE034180-E60E-416E-8D0F-0D9155AC52CC}.Release|ARM.Build.0 = Release|Any CPU
		{FE034180-E60E-416E-8D0F-0D9155AC52CC}.Release|x64.ActiveCfg = Release|Any CPU
		{FE034180-E60E-416E-8D0F-0D9155AC52CC}.Release|x64.Build.0 = Release|Any CPU
		{FE034180-E60E-416E-8D0F-0D9155AC52CC}.Release|x86.ActiveCfg = Release|Any CPU
		{FE034180-E60E-416E-8D0F-0D9155AC52CC}.Release|x86.Build.0 = Release|Any CPU
		{17867CA7-A0A5-40E1-A050-9BA6FC1FAC14}.Debug|Any CPU.ActiveCfg = Debug|Any CPU
		{17867CA7-A0A5-40E1-A050-9BA6FC1FAC14}.Debug|Any CPU.Build.0 = Debug|Any CPU
		{17867CA7-A0A5-40E1-A050-9BA6FC1FAC14}.Debug|ARM.ActiveCfg = Debug|Any CPU
		{17867CA7-A0A5-40E1-A050-9BA6FC1FAC14}.Debug|ARM.Build.0 = Debug|Any CPU
		{17867CA7-A0A5-40E1-A050-9BA6FC1FAC14}.Debug|x64.ActiveCfg = Debug|Any CPU
		{17867CA7-A0A5-40E1-A050-9BA6FC1FAC14}.Debug|x64.Build.0 = Debug|Any CPU
		{17867CA7-A0A5-40E1-A050-9BA6FC1FAC14}.Debug|x86.ActiveCfg = Debug|Any CPU
		{17867CA7-A0A5-40E1-A050-9BA6FC1FAC14}.Debug|x86.Build.0 = Debug|Any CPU
		{17867CA7-A0A5-40E1-A050-9BA6FC1FAC14}.Release|Any CPU.ActiveCfg = Release|Any CPU
		{17867CA7-A0A5-40E1-A050-9BA6FC1FAC14}.Release|Any CPU.Build.0 = Release|Any CPU
		{17867CA7-A0A5-40E1-A050-9BA6FC1FAC14}.Release|ARM.ActiveCfg = Release|Any CPU
		{17867CA7-A0A5-40E1-A050-9BA6FC1FAC14}.Release|ARM.Build.0 = Release|Any CPU
		{17867CA7-A0A5-40E1-A050-9BA6FC1FAC14}.Release|x64.ActiveCfg = Release|Any CPU
		{17867CA7-A0A5-40E1-A050-9BA6FC1FAC14}.Release|x64.Build.0 = Release|Any CPU
		{17867CA7-A0A5-40E1-A050-9BA6FC1FAC14}.Release|x86.ActiveCfg = Release|Any CPU
		{17867CA7-A0A5-40E1-A050-9BA6FC1FAC14}.Release|x86.Build.0 = Release|Any CPU
	EndGlobalSection
	GlobalSection(SolutionProperties) = preSolution
		HideSolutionNode = FALSE
	EndGlobalSection
EndGlobal
